
Microsoft Visual Studio Solution File, Format Version 12.00
# Visual Studio Version 17
VisualStudioVersion = 17.5.002.0
MinimumVisualStudioVersion = 10.0.40219.1
Project("{9A19103F-16F7-4668-BE54-9A1E7A4F7556}") = "EndereçosPWC", "EndereçosPWC.csproj", "{AF1E571C-30A0-4B25-942A-89A16B47A32F}"
EndProject
Global
	GlobalSection(SolutionConfigurationPlatforms) = preSolution
		Debug|Any CPU = Debug|Any CPU
		Release|Any CPU = Release|Any CPU
	EndGlobalSection
	GlobalSection(ProjectConfigurationPlatforms) = postSolution
		{AF1E571C-30A0-4B25-942A-89A16B47A32F}.Debug|Any CPU.ActiveCfg = Debug|Any CPU
		{AF1E571C-30A0-4B25-942A-89A16B47A32F}.Debug|Any CPU.Build.0 = Debug|Any CPU
		{AF1E571C-30A0-4B25-942A-89A16B47A32F}.Release|Any CPU.ActiveCfg = Release|Any CPU
		{AF1E571C-30A0-4B25-942A-89A16B47A32F}.Release|Any CPU.Build.0 = Release|Any CPU
	EndGlobalSection
	GlobalSection(SolutionProperties) = preSolution
		HideSolutionNode = FALSE
	EndGlobalSection
	GlobalSection(ExtensibilityGlobals) = postSolution
		SolutionGuid = {796F102B-1AB9-4C09-9E6C-191B450D36B0}
	EndGlobalSection
EndGlobal
